{
  "object": {
    "pins": [
      {
        "package": "swiftui-introspect",
        "repositoryURL": "https://github.com/siteline/SwiftUI-Introspect.git",
        "state": {
          "branch": "master",
          "revision": "2cb404d17d044995fe644b2e9fc020af75bf54ba",
          "version": null
        }
      }
    ]
  },
  "version": 1
}
